# ==========================================
# Last Updated: 2026-01-17
# ==========================================

payload:
  - "+.ad-delivery.net"
  - "+.alkimi.org"
  - "+.app-ads-services.com"
  - "+.bance.jp"
  - "+.btloader.com"
  - "+.id5-sync.com"
  - "+.liftoff.io"
  - "+.scorecardresearch.com"
  - "+.teads.tv"
  - "+.union.dplayerstatic.com"
  - "+.webcontentassessor.com"
  - "www.jinleishiye.com"
  - "www.zgshunxiang.com"
